
Microsoft Visual Studio Solution File, Format Version 12.00
# Visual Studio Version 16
VisualStudioVersion = 16.0.30804.86
MinimumVisualStudioVersion = 10.0.40219.1
Project("{2150E333-8FDC-42A3-9474-1A3956D46DE8}") = "Presentation", "Presentation", "{55D52031-48E0-44B6-8DB8-17CCEBF8F4FB}"
EndProject
Project("{FAE04EC0-301F-11D3-BF4B-00C04F79EFBC}") = "IMDb.Api", "IMDb.Api\IMDb.Api.csproj", "{F4CDB137-52D4-4F78-8543-8F824FD2E707}"
EndProject
Project("{2150E333-8FDC-42A3-9474-1A3956D46DE8}") = "Core", "Core", "{DB41D9FD-32BB-46EC-BBCF-2F52CD03F18A}"
EndProject
Project("{2150E333-8FDC-42A3-9474-1A3956D46DE8}") = "Infraestructure", "Infraestructure", "{41493921-C2A0-4814-9849-CE946C6ECD1B}"
EndProject
Project("{2150E333-8FDC-42A3-9474-1A3956D46DE8}") = "Tests", "Tests", "{BC308357-2E91-4BCD-9E25-107A38A4EDA5}"
EndProject
Project("{FAE04EC0-301F-11D3-BF4B-00C04F79EFBC}") = "IMDb.Application", "IMDb.Application\IMDb.Application.csproj", "{F4A84CD4-C4B2-4332-BFA2-8A5B7934BA89}"
EndProject
Project("{FAE04EC0-301F-11D3-BF4B-00C04F79EFBC}") = "IMDb.Application.Interfaces", "IMDb.Application.Interfaces\IMDb.Application.Interfaces.csproj", "{84F1D9D2-266A-4CF6-9FDB-DDD641A8F554}"
EndProject
Project("{FAE04EC0-301F-11D3-BF4B-00C04F79EFBC}") = "IMDb.Application.IoC", "IMDb.Application.IoC\IMDb.Application.IoC.csproj", "{48E8FA7A-760B-4347-AE65-0BE1C05B318A}"
EndProject
Project("{FAE04EC0-301F-11D3-BF4B-00C04F79EFBC}") = "IMDb.Domain", "IMDb.Domain\IMDb.Domain.csproj", "{90C60B7E-5DB7-4392-8275-571C1CFEA330}"
EndProject
Project("{FAE04EC0-301F-11D3-BF4B-00C04F79EFBC}") = "IMDb.Infraestructure", "IMDb.Infraestructure\IMDb.Infraestructure.csproj", "{4B3BC171-FF56-47DB-8D31-7A95BA859E22}"
EndProject
Project("{FAE04EC0-301F-11D3-BF4B-00C04F79EFBC}") = "IMDb.Infraestructure.Interfaces", "IMDb.Infraestructure.Interfaces\IMDb.Infraestructure.Interfaces.csproj", "{98A80544-3602-4767-9F39-ED7903F8D0BC}"
EndProject
Project("{FAE04EC0-301F-11D3-BF4B-00C04F79EFBC}") = "IMDb.Infraestructure.IoC", "IMDb.Infraestructure.IoC\IMDb.Infraestructure.IoC.csproj", "{78BDFE33-D2C7-4484-B8BA-9E49AB6C6C4A}"
EndProject
Project("{FAE04EC0-301F-11D3-BF4B-00C04F79EFBC}") = "IMDb.Domain.Test", "IMDb.Domain.Test\IMDb.Domain.Test.csproj", "{4346D7AB-37CB-4357-A355-340CD96433B4}"
EndProject
Project("{FAE04EC0-301F-11D3-BF4B-00C04F79EFBC}") = "IMDb.Infraestructure.Test", "IMDb.Infraestructure.Test\IMDb.Infraestructure.Test.csproj", "{C77FA18F-3411-4FC3-ABB4-0FA0900DCA21}"
EndProject
Global
	GlobalSection(SolutionConfigurationPlatforms) = preSolution
		Debug|Any CPU = Debug|Any CPU
		Release|Any CPU = Release|Any CPU
	EndGlobalSection
	GlobalSection(ProjectConfigurationPlatforms) = postSolution
		{F4CDB137-52D4-4F78-8543-8F824FD2E707}.Debug|Any CPU.ActiveCfg = Debug|Any CPU
		{F4CDB137-52D4-4F78-8543-8F824FD2E707}.Debug|Any CPU.Build.0 = Debug|Any CPU
		{F4CDB137-52D4-4F78-8543-8F824FD2E707}.Release|Any CPU.ActiveCfg = Release|Any CPU
		{F4CDB137-52D4-4F78-8543-8F824FD2E707}.Release|Any CPU.Build.0 = Release|Any CPU
		{F4A84CD4-C4B2-4332-BFA2-8A5B7934BA89}.Debug|Any CPU.ActiveCfg = Debug|Any CPU
		{F4A84CD4-C4B2-4332-BFA2-8A5B7934BA89}.Debug|Any CPU.Build.0 = Debug|Any CPU
		{F4A84CD4-C4B2-4332-BFA2-8A5B7934BA89}.Release|Any CPU.ActiveCfg = Release|Any CPU
		{F4A84CD4-C4B2-4332-BFA2-8A5B7934BA89}.Release|Any CPU.Build.0 = Release|Any CPU
		{84F1D9D2-266A-4CF6-9FDB-DDD641A8F554}.Debug|Any CPU.ActiveCfg = Debug|Any CPU
		{84F1D9D2-266A-4CF6-9FDB-DDD641A8F554}.Debug|Any CPU.Build.0 = Debug|Any CPU
		{84F1D9D2-266A-4CF6-9FDB-DDD641A8F554}.Release|Any CPU.ActiveCfg = Release|Any CPU
		{84F1D9D2-266A-4CF6-9FDB-DDD641A8F554}.Release|Any CPU.Build.0 = Release|Any CPU
		{48E8FA7A-760B-4347-AE65-0BE1C05B318A}.Debug|Any CPU.ActiveCfg = Debug|Any CPU
		{48E8FA7A-760B-4347-AE65-0BE1C05B318A}.Debug|Any CPU.Build.0 = Debug|Any CPU
		{48E8FA7A-760B-4347-AE65-0BE1C05B318A}.Release|Any CPU.ActiveCfg = Release|Any CPU
		{48E8FA7A-760B-4347-AE65-0BE1C05B318A}.Release|Any CPU.Build.0 = Release|Any CPU
		{90C60B7E-5DB7-4392-8275-571C1CFEA330}.Debug|Any CPU.ActiveCfg = Debug|Any CPU
		{90C60B7E-5DB7-4392-8275-571C1CFEA330}.Debug|Any CPU.Build.0 = Debug|Any CPU
		{90C60B7E-5DB7-4392-8275-571C1CFEA330}.Release|Any CPU.ActiveCfg = Release|Any CPU
		{90C60B7E-5DB7-4392-8275-571C1CFEA330}.Release|Any CPU.Build.0 = Release|Any CPU
		{4B3BC171-FF56-47DB-8D31-7A95BA859E22}.Debug|Any CPU.ActiveCfg = Debug|Any CPU
		{4B3BC171-FF56-47DB-8D31-7A95BA859E22}.Debug|Any CPU.Build.0 = Debug|Any CPU
		{4B3BC171-FF56-47DB-8D31-7A95BA859E22}.Release|Any CPU.ActiveCfg = Release|Any CPU
		{4B3BC171-FF56-47DB-8D31-7A95BA859E22}.Release|Any CPU.Build.0 = Release|Any CPU
		{98A80544-3602-4767-9F39-ED7903F8D0BC}.Debug|Any CPU.ActiveCfg = Debug|Any CPU
		{98A80544-3602-4767-9F39-ED7903F8D0BC}.Debug|Any CPU.Build.0 = Debug|Any CPU
		{98A80544-3602-4767-9F39-ED7903F8D0BC}.Release|Any CPU.ActiveCfg = Release|Any CPU
		{98A80544-3602-4767-9F39-ED7903F8D0BC}.Release|Any CPU.Build.0 = Release|Any CPU
		{78BDFE33-D2C7-4484-B8BA-9E49AB6C6C4A}.Debug|Any CPU.ActiveCfg = Debug|Any CPU
		{78BDFE33-D2C7-4484-B8BA-9E49AB6C6C4A}.Debug|Any CPU.Build.0 = Debug|Any CPU
		{78BDFE33-D2C7-4484-B8BA-9E49AB6C6C4A}.Release|Any CPU.ActiveCfg = Release|Any CPU
		{78BDFE33-D2C7-4484-B8BA-9E49AB6C6C4A}.Release|Any CPU.Build.0 = Release|Any CPU
		{4346D7AB-37CB-4357-A355-340CD96433B4}.Debug|Any CPU.ActiveCfg = Debug|Any CPU
		{4346D7AB-37CB-4357-A355-340CD96433B4}.Debug|Any CPU.Build.0 = Debug|Any CPU
		{4346D7AB-37CB-4357-A355-340CD96433B4}.Release|Any CPU.ActiveCfg = Release|Any CPU
		{4346D7AB-37CB-4357-A355-340CD96433B4}.Release|Any CPU.Build.0 = Release|Any CPU
		{C77FA18F-3411-4FC3-ABB4-0FA0900DCA21}.Debug|Any CPU.ActiveCfg = Debug|Any CPU
		{C77FA18F-3411-4FC3-ABB4-0FA0900DCA21}.Debug|Any CPU.Build.0 = Debug|Any CPU
		{C77FA18F-3411-4FC3-ABB4-0FA0900DCA21}.Release|Any CPU.ActiveCfg = Release|Any CPU
		{C77FA18F-3411-4FC3-ABB4-0FA0900DCA21}.Release|Any CPU.Build.0 = Release|Any CPU
	EndGlobalSection
	GlobalSection(SolutionProperties) = preSolution
		HideSolutionNode = FALSE
	EndGlobalSection
	GlobalSection(NestedProjects) = preSolution
		{F4CDB137-52D4-4F78-8543-8F824FD2E707} = {55D52031-48E0-44B6-8DB8-17CCEBF8F4FB}
		{F4A84CD4-C4B2-4332-BFA2-8A5B7934BA89} = {DB41D9FD-32BB-46EC-BBCF-2F52CD03F18A}
		{84F1D9D2-266A-4CF6-9FDB-DDD641A8F554} = {DB41D9FD-32BB-46EC-BBCF-2F52CD03F18A}
		{48E8FA7A-760B-4347-AE65-0BE1C05B318A} = {DB41D9FD-32BB-46EC-BBCF-2F52CD03F18A}
		{90C60B7E-5DB7-4392-8275-571C1CFEA330} = {DB41D9FD-32BB-46EC-BBCF-2F52CD03F18A}
		{4B3BC171-FF56-47DB-8D31-7A95BA859E22} = {41493921-C2A0-4814-9849-CE946C6ECD1B}
		{98A80544-3602-4767-9F39-ED7903F8D0BC} = {41493921-C2A0-4814-9849-CE946C6ECD1B}
		{78BDFE33-D2C7-4484-B8BA-9E49AB6C6C4A} = {41493921-C2A0-4814-9849-CE946C6ECD1B}
		{4346D7AB-37CB-4357-A355-340CD96433B4} = {BC308357-2E91-4BCD-9E25-107A38A4EDA5}
		{C77FA18F-3411-4FC3-ABB4-0FA0900DCA21} = {BC308357-2E91-4BCD-9E25-107A38A4EDA5}
	EndGlobalSection
	GlobalSection(ExtensibilityGlobals) = postSolution
		SolutionGuid = {80E99144-5740-463E-9754-8F7047302CA6}
	EndGlobalSection
EndGlobal
